
Microsoft Visual Studio Solution File, Format Version 12.00
# Visual Studio 2013
VisualStudioVersion = 12.0.31101.0
MinimumVisualStudioVersion = 10.0.40219.1
Project("{FAE04EC0-301F-11D3-BF4B-00C04F79EFBC}") = "WFO PROJECT", "WFO PROJECT\WFO PROJECT\WFO PROJECT.csproj", "{791D115A-6779-4EE1-B6E9-2FA29CA5CF39}"
EndProject
Global
	GlobalSection(TeamFoundationVersionControl) = preSolution
		SccNumberOfProjects = 2
		SccEnterpriseProvider = {4CA58AB2-18FA-4F8D-95D4-32DDF27D184C}
		SccTeamFoundationServer = https://wfogrep.visualstudio.com/defaultcollection
		SccLocalPath0 = .
		SccProjectUniqueName1 = WFO\u0020PROJECT\\WFO\u0020PROJECT\\WFO\u0020PROJECT.csproj
		SccProjectName1 = WFO\u0020PROJECT/WFO\u0020PROJECT
		SccLocalPath1 = WFO\u0020PROJECT\\WFO\u0020PROJECT
	EndGlobalSection
	GlobalSection(SolutionConfigurationPlatforms) = preSolution
		Debug|Any CPU = Debug|Any CPU
		Release|Any CPU = Release|Any CPU
	EndGlobalSection
	GlobalSection(ProjectConfigurationPlatforms) = postSolution
		{791D115A-6779-4EE1-B6E9-2FA29CA5CF39}.Debug|Any CPU.ActiveCfg = Debug|Any CPU
		{791D115A-6779-4EE1-B6E9-2FA29CA5CF39}.Debug|Any CPU.Build.0 = Debug|Any CPU
		{791D115A-6779-4EE1-B6E9-2FA29CA5CF39}.Release|Any CPU.ActiveCfg = Release|Any CPU
		{791D115A-6779-4EE1-B6E9-2FA29CA5CF39}.Release|Any CPU.Build.0 = Release|Any CPU
	EndGlobalSection
	GlobalSection(SolutionProperties) = preSolution
		HideSolutionNode = FALSE
	EndGlobalSection
EndGlobal
